
Microsoft Visual Studio Solution File, Format Version 12.00
# Visual Studio Version 16
VisualStudioVersion = 16.0.30104.148
MinimumVisualStudioVersion = 10.0.40219.1
Project("{FAE04EC0-301F-11D3-BF4B-00C04F79EFBC}") = "EsoftProject", "EsoftProject\EsoftProject.csproj", "{B5E1338F-E796-41A6-BF0A-803DCDE99558}"
EndProject
Global
	GlobalSection(SolutionConfigurationPlatforms) = preSolution
		Debug|Any CPU = Debug|Any CPU
		Release|Any CPU = Release|Any CPU
	EndGlobalSection
	GlobalSection(ProjectConfigurationPlatforms) = postSolution
		{B5E1338F-E796-41A6-BF0A-803DCDE99558}.Debug|Any CPU.ActiveCfg = Debug|Any CPU
		{B5E1338F-E796-41A6-BF0A-803DCDE99558}.Debug|Any CPU.Build.0 = Debug|Any CPU
		{B5E1338F-E796-41A6-BF0A-803DCDE99558}.Release|Any CPU.ActiveCfg = Release|Any CPU
		{B5E1338F-E796-41A6-BF0A-803DCDE99558}.Release|Any CPU.Build.0 = Release|Any CPU
	EndGlobalSection
	GlobalSection(SolutionProperties) = preSolution
		HideSolutionNode = FALSE
	EndGlobalSection
	GlobalSection(ExtensibilityGlobals) = postSolution
		SolutionGuid = {10C50A81-DC2D-4CA3-A7C3-4F876E0EE8D2}
	EndGlobalSection
EndGlobal
